<?xml version="1.0" encoding="utf-8"?>
<Project ToolsVersion="4.0" xmlns="http://schemas.microsoft.com/developer/msbuild/2003">
  <ItemGroup>
    <Filter Include="Nucleu">
      <UniqueIdentifier>{31BB4EC6-1D5D-799C-0618-8DF0F25800ED}</UniqueIdentifier>
    </Filter>
  </ItemGroup>
  <ItemGroup>
    <ClInclude Include="src\Nucleu.h" />
    <ClInclude Include="src\Nucleu\APPLICATION.H">
      <Filter>Nucleu</Filter>
    </ClInclude>
    <ClInclude Include="src\Nucleu\Core.h">
      <Filter>Nucleu</Filter>
    </ClInclude>
    <ClInclude Include="src\Nucleu\EntryPoint.h">
      <Filter>Nucleu</Filter>
    </ClInclude>
    <ClInclude Include="src\Nucleu\Log.h">
      <Filter>Nucleu</Filter>
    </ClInclude>
    <ClInclude Include="src\Nucleu\Events\Event.h" />
    <ClInclude Include="src\Nucleu\Events\ApplicationEvent.h" />
    <ClInclude Include="src\Nucleu\Events\KeyEvent.h" />
    <ClInclude Include="src\Nucleu\Events\MouseEvent.h" />
  </ItemGroup>
  <ItemGroup>
    <ClCompile Include="src\Nucleu\Application.cpp">
      <Filter>Nucleu</Filter>
    </ClCompile>
    <ClCompile Include="src\Nucleu\Log.cpp">
      <Filter>Nucleu</Filter>
    </ClCompile>
  </ItemGroup>
</Project>