<?xml version="1.0" encoding="utf-8"?>
<Project ToolsVersion="4.0" xmlns="http://schemas.microsoft.com/developer/msbuild/2003">
  <ItemGroup>
    <Filter Include="Nucleu">
      <UniqueIdentifier>{31BB4EC6-1D5D-799C-0618-8DF0F25800ED}</UniqueIdentifier>
    </Filter>
    <Filter Include="Nucleu\Events">
      <UniqueIdentifier>{F5C51DFD-6186-9933-2AC1-E2B09640DE0F}</UniqueIdentifier>
    </Filter>
  </ItemGroup>
  <ItemGroup>
    <ClInclude Include="src\Nucleu.h" />
    <ClInclude Include="src\Nucleu\Application.h">
      <Filter>Nucleu</Filter>
    </ClInclude>
    <ClInclude Include="src\Nucleu\Core.h">
      <Filter>Nucleu</Filter>
    </ClInclude>
    <ClInclude Include="src\Nucleu\EntryPoint.h">
      <Filter>Nucleu</Filter>
    </ClInclude>
    <ClInclude Include="src\Nucleu\Events\ApplicationEvent.h">
      <Filter>Nucleu\Events</Filter>
    </ClInclude>
    <ClInclude Include="src\Nucleu\Events\Event.h">
      <Filter>Nucleu\Events</Filter>
    </ClInclude>
    <ClInclude Include="src\Nucleu\Events\KeyEvent.h">
      <Filter>Nucleu\Events</Filter>
    </ClInclude>
    <ClInclude Include="src\Nucleu\Events\MouseEvent.h">
      <Filter>Nucleu\Events</Filter>
    </ClInclude>
    <ClInclude Include="src\Nucleu\Log.h">
      <Filter>Nucleu</Filter>
    </ClInclude>
    <ClInclude Include="src\ncpch.h" />
    <ClInclude Include="src\Nucleu\Window.h" />
    <ClInclude Include="src\Platform\Windows\WindowsWindow.h" />
  </ItemGroup>
  <ItemGroup>
    <ClCompile Include="src\Nucleu\Application.cpp">
      <Filter>Nucleu</Filter>
    </ClCompile>
    <ClCompile Include="src\Nucleu\Log.cpp">
      <Filter>Nucleu</Filter>
    </ClCompile>
    <ClCompile Include="src\ncpch.cpp" />
    <ClCompile Include="src\Platform\Windows\WindowsWindow.cpp" />
  </ItemGroup>
</Project>